// !$*UTF8*$!
{
	archiveVersion = 1;
	classes = {
	};
	objectVersion = 56;
	objects = {

/* Begin PBXBuildFile section */
		552CB75C29CADFDC00824A5A /* AfricaApp.swift in Sources */ = {isa = PBXBuildFile; fileRef = 552CB75B29CADFDC00824A5A /* AfricaApp.swift */; };
		552CB75E29CADFDC00824A5A /* ContentView.swift in Sources */ = {isa = PBXBuildFile; fileRef = 552CB75D29CADFDC00824A5A /* ContentView.swift */; };
		552CB76029CADFDD00824A5A /* Assets.xcassets in Resources */ = {isa = PBXBuildFile; fileRef = 552CB75F29CADFDD00824A5A /* Assets.xcassets */; };
		552CB76329CADFDD00824A5A /* Preview Assets.xcassets in Resources */ = {isa = PBXBuildFile; fileRef = 552CB76229CADFDD00824A5A /* Preview Assets.xcassets */; };
		552CB77429CAE20300824A5A /* gorilla.mp4 in Resources */ = {isa = PBXBuildFile; fileRef = 552CB76A29CAE20100824A5A /* gorilla.mp4 */; };
		552CB77529CAE20300824A5A /* elephant.mp4 in Resources */ = {isa = PBXBuildFile; fileRef = 552CB76B29CAE20200824A5A /* elephant.mp4 */; };
		552CB77629CAE20300824A5A /* lion.mp4 in Resources */ = {isa = PBXBuildFile; fileRef = 552CB76C29CAE20200824A5A /* lion.mp4 */; };
		552CB77729CAE20300824A5A /* giraffe.mp4 in Resources */ = {isa = PBXBuildFile; fileRef = 552CB76D29CAE20200824A5A /* giraffe.mp4 */; };
		552CB77829CAE20300824A5A /* zebra.mp4 in Resources */ = {isa = PBXBuildFile; fileRef = 552CB76E29CAE20200824A5A /* zebra.mp4 */; };
		552CB77929CAE20300824A5A /* hippo.mp4 in Resources */ = {isa = PBXBuildFile; fileRef = 552CB76F29CAE20200824A5A /* hippo.mp4 */; };
		552CB77A29CAE20300824A5A /* rhino.mp4 in Resources */ = {isa = PBXBuildFile; fileRef = 552CB77029CAE20200824A5A /* rhino.mp4 */; };
		552CB77B29CAE20300824A5A /* cheetah.mp4 in Resources */ = {isa = PBXBuildFile; fileRef = 552CB77129CAE20300824A5A /* cheetah.mp4 */; };
		552CB77C29CAE20300824A5A /* lioness.mp4 in Resources */ = {isa = PBXBuildFile; fileRef = 552CB77229CAE20300824A5A /* lioness.mp4 */; };
		552CB77D29CAE20300824A5A /* ostrich.mp4 in Resources */ = {isa = PBXBuildFile; fileRef = 552CB77329CAE20300824A5A /* ostrich.mp4 */; };
		552CB78329CAE25B00824A5A /* covers.json in Resources */ = {isa = PBXBuildFile; fileRef = 552CB77F29CAE25B00824A5A /* covers.json */; };
		552CB78429CAE25B00824A5A /* videos.json in Resources */ = {isa = PBXBuildFile; fileRef = 552CB78029CAE25B00824A5A /* videos.json */; };
		552CB78529CAE25B00824A5A /* animals.json in Resources */ = {isa = PBXBuildFile; fileRef = 552CB78129CAE25B00824A5A /* animals.json */; };
		552CB78629CAE25B00824A5A /* locations.json in Resources */ = {isa = PBXBuildFile; fileRef = 552CB78229CAE25B00824A5A /* locations.json */; };
		552CB78A29CAE4EB00824A5A /* VideoListView.swift in Sources */ = {isa = PBXBuildFile; fileRef = 552CB78929CAE4EB00824A5A /* VideoListView.swift */; };
		552CB78C29CAE51B00824A5A /* MapView.swift in Sources */ = {isa = PBXBuildFile; fileRef = 552CB78B29CAE51B00824A5A /* MapView.swift */; };
		552CB78E29CAE52D00824A5A /* GalleryView.swift in Sources */ = {isa = PBXBuildFile; fileRef = 552CB78D29CAE52D00824A5A /* GalleryView.swift */; };
		552CB79029CAE57500824A5A /* MainView.swift in Sources */ = {isa = PBXBuildFile; fileRef = 552CB78F29CAE57500824A5A /* MainView.swift */; };
		55388C7229CC223400814510 /* CoverImageView.swift in Sources */ = {isa = PBXBuildFile; fileRef = 55388C7129CC223400814510 /* CoverImageView.swift */; };
		55388C7529CC2ED800814510 /* CoverImageModels.swift in Sources */ = {isa = PBXBuildFile; fileRef = 55388C7429CC2ED800814510 /* CoverImageModels.swift */; };
		55388C7829CC308100814510 /* CodableBundleExtension.swift in Sources */ = {isa = PBXBuildFile; fileRef = 55388C7729CC308100814510 /* CodableBundleExtension.swift */; };
/* End PBXBuildFile section */

/* Begin PBXFileReference section */
		552CB75829CADFDC00824A5A /* Africa.app */ = {isa = PBXFileReference; explicitFileType = wrapper.application; includeInIndex = 0; path = Africa.app; sourceTree = BUILT_PRODUCTS_DIR; };
		552CB75B29CADFDC00824A5A /* AfricaApp.swift */ = {isa = PBXFileReference; lastKnownFileType = sourcecode.swift; path = AfricaApp.swift; sourceTree = "<group>"; };
		552CB75D29CADFDC00824A5A /* ContentView.swift */ = {isa = PBXFileReference; lastKnownFileType = sourcecode.swift; path = ContentView.swift; sourceTree = "<group>"; };
		552CB75F29CADFDD00824A5A /* Assets.xcassets */ = {isa = PBXFileReference; lastKnownFileType = folder.assetcatalog; path = Assets.xcassets; sourceTree = "<group>"; };
		552CB76229CADFDD00824A5A /* Preview Assets.xcassets */ = {isa = PBXFileReference; lastKnownFileType = folder.assetcatalog; path = "Preview Assets.xcassets"; sourceTree = "<group>"; };
		552CB76A29CAE20100824A5A /* gorilla.mp4 */ = {isa = PBXFileReference; lastKnownFileType = file; path = gorilla.mp4; sourceTree = "<group>"; };
		552CB76B29CAE20200824A5A /* elephant.mp4 */ = {isa = PBXFileReference; lastKnownFileType = file; path = elephant.mp4; sourceTree = "<group>"; };
		552CB76C29CAE20200824A5A /* lion.mp4 */ = {isa = PBXFileReference; lastKnownFileType = file; path = lion.mp4; sourceTree = "<group>"; };
		552CB76D29CAE20200824A5A /* giraffe.mp4 */ = {isa = PBXFileReference; lastKnownFileType = file; path = giraffe.mp4; sourceTree = "<group>"; };
		552CB76E29CAE20200824A5A /* zebra.mp4 */ = {isa = PBXFileReference; lastKnownFileType = file; path = zebra.mp4; sourceTree = "<group>"; };
		552CB76F29CAE20200824A5A /* hippo.mp4 */ = {isa = PBXFileReference; lastKnownFileType = file; path = hippo.mp4; sourceTree = "<group>"; };
		552CB77029CAE20200824A5A /* rhino.mp4 */ = {isa = PBXFileReference; lastKnownFileType = file; path = rhino.mp4; sourceTree = "<group>"; };
		552CB77129CAE20300824A5A /* cheetah.mp4 */ = {isa = PBXFileReference; lastKnownFileType = file; path = cheetah.mp4; sourceTree = "<group>"; };
		552CB77229CAE20300824A5A /* lioness.mp4 */ = {isa = PBXFileReference; lastKnownFileType = file; path = lioness.mp4; sourceTree = "<group>"; };
		552CB77329CAE20300824A5A /* ostrich.mp4 */ = {isa = PBXFileReference; lastKnownFileType = file; path = ostrich.mp4; sourceTree = "<group>"; };
		552CB77F29CAE25B00824A5A /* covers.json */ = {isa = PBXFileReference; fileEncoding = 4; lastKnownFileType = text.json; path = covers.json; sourceTree = "<group>"; };
		552CB78029CAE25B00824A5A /* videos.json */ = {isa = PBXFileReference; fileEncoding = 4; lastKnownFileType = text.json; path = videos.json; sourceTree = "<group>"; };
		552CB78129CAE25B00824A5A /* animals.json */ = {isa = PBXFileReference; fileEncoding = 4; lastKnownFileType = text.json; path = animals.json; sourceTree = "<group>"; };
		552CB78229CAE25B00824A5A /* locations.json */ = {isa = PBXFileReference; fileEncoding = 4; lastKnownFileType = text.json; path = locations.json; sourceTree = "<group>"; };
		552CB78729CAE3A500824A5A /* Info.plist */ = {isa = PBXFileReference; lastKnownFileType = text.plist; path = Info.plist; sourceTree = "<group>"; };
		552CB78929CAE4EB00824A5A /* VideoListView.swift */ = {isa = PBXFileReference; lastKnownFileType = sourcecode.swift; path = VideoListView.swift; sourceTree = "<group>"; };
		552CB78B29CAE51B00824A5A /* MapView.swift */ = {isa = PBXFileReference; lastKnownFileType = sourcecode.swift; path = MapView.swift; sourceTree = "<group>"; };
		552CB78D29CAE52D00824A5A /* GalleryView.swift */ = {isa = PBXFileReference; lastKnownFileType = sourcecode.swift; path = GalleryView.swift; sourceTree = "<group>"; };
		552CB78F29CAE57500824A5A /* MainView.swift */ = {isa = PBXFileReference; lastKnownFileType = sourcecode.swift; path = MainView.swift; sourceTree = "<group>"; };
		55388C7129CC223400814510 /* CoverImageView.swift */ = {isa = PBXFileReference; lastKnownFileType = sourcecode.swift; path = CoverImageView.swift; sourceTree = "<group>"; };
		55388C7429CC2ED800814510 /* CoverImageModels.swift */ = {isa = PBXFileReference; lastKnownFileType = sourcecode.swift; path = CoverImageModels.swift; sourceTree = "<group>"; };
		55388C7729CC308100814510 /* CodableBundleExtension.swift */ = {isa = PBXFileReference; lastKnownFileType = sourcecode.swift; path = CodableBundleExtension.swift; sourceTree = "<group>"; };
/* End PBXFileReference section */

/* Begin PBXFrameworksBuildPhase section */
		552CB75529CADFDC00824A5A /* Frameworks */ = {
			isa = PBXFrameworksBuildPhase;
			buildActionMask = 2147483647;
			files = (
			);
			runOnlyForDeploymentPostprocessing = 0;
		};
/* End PBXFrameworksBuildPhase section */

/* Begin PBXGroup section */
		552CB74F29CADFDC00824A5A = {
			isa = PBXGroup;
			children = (
				552CB75A29CADFDC00824A5A /* Africa */,
				552CB75929CADFDC00824A5A /* Products */,
			);
			sourceTree = "<group>";
		};
		552CB75929CADFDC00824A5A /* Products */ = {
			isa = PBXGroup;
			children = (
				552CB75829CADFDC00824A5A /* Africa.app */,
			);
			name = Products;
			sourceTree = "<group>";
		};
		552CB75A29CADFDC00824A5A /* Africa */ = {
			isa = PBXGroup;
			children = (
				55388C7629CC307800814510 /* Extensions */,
				55388C7329CC2EC900814510 /* Models */,
				55388C7029CC222200814510 /* Views */,
				552CB78729CAE3A500824A5A /* Info.plist */,
				552CB77E29CAE24700824A5A /* Data */,
				552CB76929CAE1ED00824A5A /* Videos */,
				552CB78829CAE49900824A5A /* App */,
				552CB75F29CADFDD00824A5A /* Assets.xcassets */,
				552CB76129CADFDD00824A5A /* Preview Content */,
			);
			path = Africa;
			sourceTree = "<group>";
		};
		552CB76129CADFDD00824A5A /* Preview Content */ = {
			isa = PBXGroup;
			children = (
				552CB76229CADFDD00824A5A /* Preview Assets.xcassets */,
			);
			path = "Preview Content";
			sourceTree = "<group>";
		};
		552CB76929CAE1ED00824A5A /* Videos */ = {
			isa = PBXGroup;
			children = (
				552CB77129CAE20300824A5A /* cheetah.mp4 */,
				552CB76B29CAE20200824A5A /* elephant.mp4 */,
				552CB76D29CAE20200824A5A /* giraffe.mp4 */,
				552CB76A29CAE20100824A5A /* gorilla.mp4 */,
				552CB76F29CAE20200824A5A /* hippo.mp4 */,
				552CB76C29CAE20200824A5A /* lion.mp4 */,
				552CB77229CAE20300824A5A /* lioness.mp4 */,
				552CB77329CAE20300824A5A /* ostrich.mp4 */,
				552CB77029CAE20200824A5A /* rhino.mp4 */,
				552CB76E29CAE20200824A5A /* zebra.mp4 */,
			);
			path = Videos;
			sourceTree = "<group>";
		};
		552CB77E29CAE24700824A5A /* Data */ = {
			isa = PBXGroup;
			children = (
				552CB78129CAE25B00824A5A /* animals.json */,
				552CB77F29CAE25B00824A5A /* covers.json */,
				552CB78229CAE25B00824A5A /* locations.json */,
				552CB78029CAE25B00824A5A /* videos.json */,
			);
			path = Data;
			sourceTree = "<group>";
		};
		552CB78829CAE49900824A5A /* App */ = {
			isa = PBXGroup;
			children = (
				552CB75B29CADFDC00824A5A /* AfricaApp.swift */,
				552CB75D29CADFDC00824A5A /* ContentView.swift */,
				552CB78929CAE4EB00824A5A /* VideoListView.swift */,
				552CB78B29CAE51B00824A5A /* MapView.swift */,
				552CB78D29CAE52D00824A5A /* GalleryView.swift */,
				552CB78F29CAE57500824A5A /* MainView.swift */,
			);
			path = App;
			sourceTree = "<group>";
		};
		55388C7029CC222200814510 /* Views */ = {
			isa = PBXGroup;
			children = (
				55388C7129CC223400814510 /* CoverImageView.swift */,
			);
			path = Views;
			sourceTree = "<group>";
		};
		55388C7329CC2EC900814510 /* Models */ = {
			isa = PBXGroup;
			children = (
				55388C7429CC2ED800814510 /* CoverImageModels.swift */,
			);
			path = Models;
			sourceTree = "<group>";
		};
		55388C7629CC307800814510 /* Extensions */ = {
			isa = PBXGroup;
			children = (
				55388C7729CC308100814510 /* CodableBundleExtension.swift */,
			);
			path = Extensions;
			sourceTree = "<group>";
		};
/* End PBXGroup section */

/* Begin PBXNativeTarget section */
		552CB75729CADFDC00824A5A /* Africa */ = {
			isa = PBXNativeTarget;
			buildConfigurationList = 552CB76629CADFDD00824A5A /* Build configuration list for PBXNativeTarget "Africa" */;
			buildPhases = (
				552CB75429CADFDC00824A5A /* Sources */,
				552CB75529CADFDC00824A5A /* Frameworks */,
				552CB75629CADFDC00824A5A /* Resources */,
			);
			buildRules = (
			);
			dependencies = (
			);
			name = Africa;
			productName = Africa;
			productReference = 552CB75829CADFDC00824A5A /* Africa.app */;
			productType = "com.apple.product-type.application";
		};
/* End PBXNativeTarget section */

/* Begin PBXProject section */
		552CB75029CADFDC00824A5A /* Project object */ = {
			isa = PBXProject;
			attributes = {
				BuildIndependentTargetsInParallel = 1;
				LastSwiftUpdateCheck = 1420;
				LastUpgradeCheck = 1420;
				TargetAttributes = {
					552CB75729CADFDC00824A5A = {
						CreatedOnToolsVersion = 14.2;
					};
				};
			};
			buildConfigurationList = 552CB75329CADFDC00824A5A /* Build configuration list for PBXProject "Africa" */;
			compatibilityVersion = "Xcode 14.0";
			developmentRegion = en;
			hasScannedForEncodings = 0;
			knownRegions = (
				en,
				Base,
			);
			mainGroup = 552CB74F29CADFDC00824A5A;
			productRefGroup = 552CB75929CADFDC00824A5A /* Products */;
			projectDirPath = "";
			projectRoot = "";
			targets = (
				552CB75729CADFDC00824A5A /* Africa */,
			);
		};
/* End PBXProject section */

/* Begin PBXResourcesBuildPhase section */
		552CB75629CADFDC00824A5A /* Resources */ = {
			isa = PBXResourcesBuildPhase;
			buildActionMask = 2147483647;
			files = (
				552CB78529CAE25B00824A5A /* animals.json in Resources */,
				552CB78329CAE25B00824A5A /* covers.json in Resources */,
				552CB78629CAE25B00824A5A /* locations.json in Resources */,
				552CB77929CAE20300824A5A /* hippo.mp4 in Resources */,
				552CB77C29CAE20300824A5A /* lioness.mp4 in Resources */,
				552CB78429CAE25B00824A5A /* videos.json in Resources */,
				552CB77529CAE20300824A5A /* elephant.mp4 in Resources */,
				552CB76329CADFDD00824A5A /* Preview Assets.xcassets in Resources */,
				552CB77A29CAE20300824A5A /* rhino.mp4 in Resources */,
				552CB77729CAE20300824A5A /* giraffe.mp4 in Resources */,
				552CB77D29CAE20300824A5A /* ostrich.mp4 in Resources */,
				552CB77429CAE20300824A5A /* gorilla.mp4 in Resources */,
				552CB77B29CAE20300824A5A /* cheetah.mp4 in Resources */,
				552CB77629CAE20300824A5A /* lion.mp4 in Resources */,
				552CB77829CAE20300824A5A /* zebra.mp4 in Resources */,
				552CB76029CADFDD00824A5A /* Assets.xcassets in Resources */,
			);
			runOnlyForDeploymentPostprocessing = 0;
		};
/* End PBXResourcesBuildPhase section */

/* Begin PBXSourcesBuildPhase section */
		552CB75429CADFDC00824A5A /* Sources */ = {
			isa = PBXSourcesBuildPhase;
			buildActionMask = 2147483647;
			files = (
				552CB75E29CADFDC00824A5A /* ContentView.swift in Sources */,
				55388C7229CC223400814510 /* CoverImageView.swift in Sources */,
				552CB79029CAE57500824A5A /* MainView.swift in Sources */,
				552CB78C29CAE51B00824A5A /* MapView.swift in Sources */,
				552CB75C29CADFDC00824A5A /* AfricaApp.swift in Sources */,
				552CB78A29CAE4EB00824A5A /* VideoListView.swift in Sources */,
				552CB78E29CAE52D00824A5A /* GalleryView.swift in Sources */,
				55388C7529CC2ED800814510 /* CoverImageModels.swift in Sources */,
				55388C7829CC308100814510 /* CodableBundleExtension.swift in Sources */,
			);
			runOnlyForDeploymentPostprocessing = 0;
		};
/* End PBXSourcesBuildPhase section */

/* Begin XCBuildConfiguration section */
		552CB76429CADFDD00824A5A /* Debug */ = {
			isa = XCBuildConfiguration;
			buildSettings = {
				ALWAYS_SEARCH_USER_PATHS = NO;
				CLANG_ANALYZER_NONNULL = YES;
				CLANG_ANALYZER_NUMBER_OBJECT_CONVERSION = YES_AGGRESSIVE;
				CLANG_CXX_LANGUAGE_STANDARD = "gnu++20";
				CLANG_ENABLE_MODULES = YES;
				CLANG_ENABLE_OBJC_ARC = YES;
				CLANG_ENABLE_OBJC_WEAK = YES;
				CLANG_WARN_BLOCK_CAPTURE_AUTORELEASING = YES;
				CLANG_WARN_BOOL_CONVERSION = YES;
				CLANG_WARN_COMMA = YES;
				CLANG_WARN_CONSTANT_CONVERSION = YES;
				CLANG_WARN_DEPRECATED_OBJC_IMPLEMENTATIONS = YES;
				CLANG_WARN_DIRECT_OBJC_ISA_USAGE = YES_ERROR;
				CLANG_WARN_DOCUMENTATION_COMMENTS = YES;
				CLANG_WARN_EMPTY_BODY = YES;
				CLANG_WARN_ENUM_CONVERSION = YES;
				CLANG_WARN_INFINITE_RECURSION = YES;
				CLANG_WARN_INT_CONVERSION = YES;
				CLANG_WARN_NON_LITERAL_NULL_CONVERSION = YES;
				CLANG_WARN_OBJC_IMPLICIT_RETAIN_SELF = YES;
				CLANG_WARN_OBJC_LITERAL_CONVERSION = YES;
				CLANG_WARN_OBJC_ROOT_CLASS = YES_ERROR;
				CLANG_WARN_QUOTED_INCLUDE_IN_FRAMEWORK_HEADER = YES;
				CLANG_WARN_RANGE_LOOP_ANALYSIS = YES;
				CLANG_WARN_STRICT_PROTOTYPES = YES;
				CLANG_WARN_SUSPICIOUS_MOVE = YES;
				CLANG_WARN_UNGUARDED_AVAILABILITY = YES_AGGRESSIVE;
				CLANG_WARN_UNREACHABLE_CODE = YES;
				CLANG_WARN__DUPLICATE_METHOD_MATCH = YES;
				COPY_PHASE_STRIP = NO;
				DEBUG_INFORMATION_FORMAT = dwarf;
				ENABLE_STRICT_OBJC_MSGSEND = YES;
				ENABLE_TESTABILITY = YES;
				GCC_C_LANGUAGE_STANDARD = gnu11;
				GCC_DYNAMIC_NO_PIC = NO;
				GCC_NO_COMMON_BLOCKS = YES;
				GCC_OPTIMIZATION_LEVEL = 0;
				GCC_PREPROCESSOR_DEFINITIONS = (
					"DEBUG=1",
					"$(inherited)",
				);
				GCC_WARN_64_TO_32_BIT_CONVERSION = YES;
				GCC_WARN_ABOUT_RETURN_TYPE = YES_ERROR;
				GCC_WARN_UNDECLARED_SELECTOR = YES;
				GCC_WARN_UNINITIALIZED_AUTOS = YES_AGGRESSIVE;
				GCC_WARN_UNUSED_FUNCTION = YES;
				GCC_WARN_UNUSED_VARIABLE = YES;
				IPHONEOS_DEPLOYMENT_TARGET = 16.2;
				MTL_ENABLE_DEBUG_INFO = INCLUDE_SOURCE;
				MTL_FAST_MATH = YES;
				ONLY_ACTIVE_ARCH = YES;
				SDKROOT = iphoneos;
				SWIFT_ACTIVE_COMPILATION_CONDITIONS = DEBUG;
				SWIFT_OPTIMIZATION_LEVEL = "-Onone";
			};
			name = Debug;
		};
		552CB76529CADFDD00824A5A /* Release */ = {
			isa = XCBuildConfiguration;
			buildSettings = {
				ALWAYS_SEARCH_USER_PATHS = NO;
				CLANG_ANALYZER_NONNULL = YES;
				CLANG_ANALYZER_NUMBER_OBJECT_CONVERSION = YES_AGGRESSIVE;
				CLANG_CXX_LANGUAGE_STANDARD = "gnu++20";
				CLANG_ENABLE_MODULES = YES;
				CLANG_ENABLE_OBJC_ARC = YES;
				CLANG_ENABLE_OBJC_WEAK = YES;
				CLANG_WARN_BLOCK_CAPTURE_AUTORELEASING = YES;
				CLANG_WARN_BOOL_CONVERSION = YES;
				CLANG_WARN_COMMA = YES;
				CLANG_WARN_CONSTANT_CONVERSION = YES;
				CLANG_WARN_DEPRECATED_OBJC_IMPLEMENTATIONS = YES;
				CLANG_WARN_DIRECT_OBJC_ISA_USAGE = YES_ERROR;
				CLANG_WARN_DOCUMENTATION_COMMENTS = YES;
				CLANG_WARN_EMPTY_BODY = YES;
				CLANG_WARN_ENUM_CONVERSION = YES;
				CLANG_WARN_INFINITE_RECURSION = YES;
				CLANG_WARN_INT_CONVERSION = YES;
				CLANG_WARN_NON_LITERAL_NULL_CONVERSION = YES;
				CLANG_WARN_OBJC_IMPLICIT_RETAIN_SELF = YES;
				CLANG_WARN_OBJC_LITERAL_CONVERSION = YES;
				CLANG_WARN_OBJC_ROOT_CLASS = YES_ERROR;
				CLANG_WARN_QUOTED_INCLUDE_IN_FRAMEWORK_HEADER = YES;
				CLANG_WARN_RANGE_LOOP_ANALYSIS = YES;
				CLANG_WARN_STRICT_PROTOTYPES = YES;
				CLANG_WARN_SUSPICIOUS_MOVE = YES;
				CLANG_WARN_UNGUARDED_AVAILABILITY = YES_AGGRESSIVE;
				CLANG_WARN_UNREACHABLE_CODE = YES;
				CLANG_WARN__DUPLICATE_METHOD_MATCH = YES;
				COPY_PHASE_STRIP = NO;
				DEBUG_INFORMATION_FORMAT = "dwarf-with-dsym";
				ENABLE_NS_ASSERTIONS = NO;
				ENABLE_STRICT_OBJC_MSGSEND = YES;
				GCC_C_LANGUAGE_STANDARD = gnu11;
				GCC_NO_COMMON_BLOCKS = YES;
				GCC_WARN_64_TO_32_BIT_CONVERSION = YES;
				GCC_WARN_ABOUT_RETURN_TYPE = YES_ERROR;
				GCC_WARN_UNDECLARED_SELECTOR = YES;
				GCC_WARN_UNINITIALIZED_AUTOS = YES_AGGRESSIVE;
				GCC_WARN_UNUSED_FUNCTION = YES;
				GCC_WARN_UNUSED_VARIABLE = YES;
				IPHONEOS_DEPLOYMENT_TARGET = 16.2;
				MTL_ENABLE_DEBUG_INFO = NO;
				MTL_FAST_MATH = YES;
				SDKROOT = iphoneos;
				SWIFT_COMPILATION_MODE = wholemodule;
				SWIFT_OPTIMIZATION_LEVEL = "-O";
				VALIDATE_PRODUCT = YES;
			};
			name = Release;
		};
		552CB76729CADFDD00824A5A /* Debug */ = {
			isa = XCBuildConfiguration;
			buildSettings = {
				ASSETCATALOG_COMPILER_APPICON_NAME = AppIcon;
				ASSETCATALOG_COMPILER_GLOBAL_ACCENT_COLOR_NAME = AccentColor;
				CODE_SIGN_STYLE = Automatic;
				CURRENT_PROJECT_VERSION = 1;
				DEVELOPMENT_ASSET_PATHS = "\"Africa/Preview Content\"";
				DEVELOPMENT_TEAM = 3W6S8FM5ZF;
				ENABLE_PREVIEWS = YES;
				GENERATE_INFOPLIST_FILE = YES;
				INFOPLIST_FILE = Africa/Info.plist;
				INFOPLIST_KEY_UIApplicationSceneManifest_Generation = YES;
				INFOPLIST_KEY_UIApplicationSupportsIndirectInputEvents = YES;
				INFOPLIST_KEY_UISupportedInterfaceOrientations = UIInterfaceOrientationPortrait;
				INFOPLIST_KEY_UIUserInterfaceStyle = Dark;
				IPHONEOS_DEPLOYMENT_TARGET = 14.0;
				LD_RUNPATH_SEARCH_PATHS = (
					"$(inherited)",
					"@executable_path/Frameworks",
				);
				MARKETING_VERSION = 1.0;
				PRODUCT_BUNDLE_IDENTIFIER = com.iniongungroup.Africa;
				PRODUCT_NAME = "$(TARGET_NAME)";
				SWIFT_EMIT_LOC_STRINGS = YES;
				SWIFT_VERSION = 5.0;
				TARGETED_DEVICE_FAMILY = "1,2";
			};
			name = Debug;
		};
		552CB76829CADFDD00824A5A /* Release */ = {
			isa = XCBuildConfiguration;
			buildSettings = {
				ASSETCATALOG_COMPILER_APPICON_NAME = AppIcon;
				ASSETCATALOG_COMPILER_GLOBAL_ACCENT_COLOR_NAME = AccentColor;
				CODE_SIGN_STYLE = Automatic;
				CURRENT_PROJECT_VERSION = 1;
				DEVELOPMENT_ASSET_PATHS = "\"Africa/Preview Content\"";
				DEVELOPMENT_TEAM = 3W6S8FM5ZF;
				ENABLE_PREVIEWS = YES;
				GENERATE_INFOPLIST_FILE = YES;
				INFOPLIST_FILE = Africa/Info.plist;
				INFOPLIST_KEY_UIApplicationSceneManifest_Generation = YES;
				INFOPLIST_KEY_UIApplicationSupportsIndirectInputEvents = YES;
				INFOPLIST_KEY_UISupportedInterfaceOrientations = UIInterfaceOrientationPortrait;
				INFOPLIST_KEY_UIUserInterfaceStyle = Dark;
				IPHONEOS_DEPLOYMENT_TARGET = 14.0;
				LD_RUNPATH_SEARCH_PATHS = (
					"$(inherited)",
					"@executable_path/Frameworks",
				);
				MARKETING_VERSION = 1.0;
				PRODUCT_BUNDLE_IDENTIFIER = com.iniongungroup.Africa;
				PRODUCT_NAME = "$(TARGET_NAME)";
				SWIFT_EMIT_LOC_STRINGS = YES;
				SWIFT_VERSION = 5.0;
				TARGETED_DEVICE_FAMILY = "1,2";
			};
			name = Release;
		};
/* End XCBuildConfiguration section */

/* Begin XCConfigurationList section */
		552CB75329CADFDC00824A5A /* Build configuration list for PBXProject "Africa" */ = {
			isa = XCConfigurationList;
			buildConfigurations = (
				552CB76429CADFDD00824A5A /* Debug */,
				552CB76529CADFDD00824A5A /* Release */,
			);
			defaultConfigurationIsVisible = 0;
			defaultConfigurationName = Release;
		};
		552CB76629CADFDD00824A5A /* Build configuration list for PBXNativeTarget "Africa" */ = {
			isa = XCConfigurationList;
			buildConfigurations = (
				552CB76729CADFDD00824A5A /* Debug */,
				552CB76829CADFDD00824A5A /* Release */,
			);
			defaultConfigurationIsVisible = 0;
			defaultConfigurationName = Release;
		};
/* End XCConfigurationList section */
	};
	rootObject = 552CB75029CADFDC00824A5A /* Project object */;
}
